
Microsoft Visual Studio Solution File, Format Version 12.00
# Visual Studio Version 17
VisualStudioVersion = 17.8.34330.188
MinimumVisualStudioVersion = 10.0.40219.1
Project("{9A19103F-16F7-4668-BE54-9A1E7A4F7556}") = "MN_Soap", "MN_Soap\MN_Soap.csproj", "{09A0998F-3E19-4448-823E-C0293F431B6C}"
EndProject
Project("{FAE04EC0-301F-11D3-BF4B-00C04F79EFBC}") = "MN_WebService", "MN_WebService\MN_WebService.csproj", "{A421DB7C-7C58-4A5E-A355-83C4037EBF07}"
EndProject
Project("{FAE04EC0-301F-11D3-BF4B-00C04F79EFBC}") = "MN_WebServiceConsumer", "MN_WebServiceConsumer\MN_WebServiceConsumer.csproj", "{26B13A33-116F-445D-9765-F3A9C811CE80}"
EndProject
Global
	GlobalSection(SolutionConfigurationPlatforms) = preSolution
		Debug|Any CPU = Debug|Any CPU
		Release|Any CPU = Release|Any CPU
	EndGlobalSection
	GlobalSection(ProjectConfigurationPlatforms) = postSolution
		{09A0998F-3E19-4448-823E-C0293F431B6C}.Debug|Any CPU.ActiveCfg = Debug|Any CPU
		{09A0998F-3E19-4448-823E-C0293F431B6C}.Debug|Any CPU.Build.0 = Debug|Any CPU
		{09A0998F-3E19-4448-823E-C0293F431B6C}.Release|Any CPU.ActiveCfg = Release|Any CPU
		{09A0998F-3E19-4448-823E-C0293F431B6C}.Release|Any CPU.Build.0 = Release|Any CPU
		{A421DB7C-7C58-4A5E-A355-83C4037EBF07}.Debug|Any CPU.ActiveCfg = Debug|Any CPU
		{A421DB7C-7C58-4A5E-A355-83C4037EBF07}.Debug|Any CPU.Build.0 = Debug|Any CPU
		{A421DB7C-7C58-4A5E-A355-83C4037EBF07}.Release|Any CPU.ActiveCfg = Release|Any CPU
		{A421DB7C-7C58-4A5E-A355-83C4037EBF07}.Release|Any CPU.Build.0 = Release|Any CPU
		{26B13A33-116F-445D-9765-F3A9C811CE80}.Debug|Any CPU.ActiveCfg = Debug|Any CPU
		{26B13A33-116F-445D-9765-F3A9C811CE80}.Debug|Any CPU.Build.0 = Debug|Any CPU
		{26B13A33-116F-445D-9765-F3A9C811CE80}.Release|Any CPU.ActiveCfg = Release|Any CPU
		{26B13A33-116F-445D-9765-F3A9C811CE80}.Release|Any CPU.Build.0 = Release|Any CPU
	EndGlobalSection
	GlobalSection(SolutionProperties) = preSolution
		HideSolutionNode = FALSE
	EndGlobalSection
	GlobalSection(ExtensibilityGlobals) = postSolution
		SolutionGuid = {6BE03EFE-F8C7-4DAB-983D-C2A73B77323D}
	EndGlobalSection
EndGlobal
